# This file is generated by running "yarn install" inside your project.
# Manual changes might be lost - proceed with caution!

__metadata:
  version: 4
  cacheKey: 5

"charenc@npm:~0.0.1":
  version: 0.0.2
  resolution: "charenc@npm:0.0.2"
  checksum: ff8199e90334dc7bb60a9fe0aa2bef3e72b1d125e801151459db1cf1c9b77c437ad4a5d9248ee0003720bcb537a90787a53f6e2e1613dbf5fba46f59d5547307
  languageName: node
  linkType: hard

"crypt@npm:~0.0.1":
  version: 0.0.2
  resolution: "crypt@npm:0.0.2"
  checksum: 1ad9c8439ad26eef21ca130df3e79fff4915e839167efde163891b935ffb41742bfbc359bb00ae8b1ff205db52e7fb0e32326b84b7f977cd6e6a279eed9dc742
  languageName: node
  linkType: hard

"is-buffer@npm:~1.1.1":
  version: 1.1.6
  resolution: "is-buffer@npm:1.1.6"
  checksum: 336ec78f00e88efe6ff6f1aa08d06aadb942a6cd320e5f538ac00648378fb964743b3737c88ce7ce8741c067e4a3b78f596b83ee1a3c72dc2885ea0b03dc84f2
  languageName: node
  linkType: hard

"md5@npm:^2.2.1":
  version: 2.2.1
  resolution: "md5@npm:2.2.1"
  dependencies:
    charenc: ~0.0.1
    crypt: ~0.0.1
    is-buffer: ~1.1.1
  checksum: a403652609f29e34c93248c9fb509780580d40f615b1a3eb7e0d886b78e67ba87eb47e518c98a6b0e22de73b8735bc525ea55729106b67322bc2d781849dbc4d
  languageName: node
  linkType: hard

"node-fetch@npm:^2.6.0":
  version: 2.6.0
  resolution: "node-fetch@npm:2.6.0"
  checksum: dd9f586a9f7ddb7dd94d2aba9cb693d32f5001e9850098512fbc8a4cbdd56838afa08ed0a6725b9fce9b01ec12b713e622cbfc16d92762d8b937b238330a632a
  languageName: node
  linkType: hard

"scripts@workspace:.":
  version: 0.0.0-use.local
  resolution: "scripts@workspace:."
  dependencies:
    md5: ^2.2.1
    node-fetch: ^2.6.0
    slugify: ^1.4.4
  languageName: unknown
  linkType: soft

"slugify@npm:^1.4.4":
  version: 1.4.4
  resolution: "slugify@npm:1.4.4"
  checksum: 707c9d4743094dcf4502658073d6f8222bbec56f13737626a4b8b870449209737144f5bcb535cbc2849f70a900a347bcd07608be7b315201682d82ee23a7a61b
  languageName: node
  linkType: hard
